{
    "composer/ca-bundle": {
        "version": "1.1.3"
    },
    "doctrine/annotations": {
        "version": "1.0",
        "recipe": {
            "repo": "github.com/symfony/recipes",
            "branch": "master",
            "version": "1.0",
            "ref": "cb4152ebcadbe620ea2261da1a1c5a9b8cea7672"
        }
    },
    "doctrine/cache": {
        "version": "v1.8.0"
    },
    "doctrine/collections": {
        "version": "v1.5.0"
    },
    "doctrine/common": {
        "version": "v2.9.0"
    },
    "doctrine/data-fixtures": {
        "version": "v1.3.1"
    },
    "doctrine/dbal": {
        "version": "v2.8.0"
    },
    "doctrine/doctrine-bundle": {
        "version": "1.6",
        "recipe": {
            "repo": "github.com/symfony/recipes",
            "branch": "master",
            "version": "1.6",
            "ref": "453e89b78ded666f351617baca5ae40d20622351"
        }
    },
    "doctrine/doctrine-cache-bundle": {
        "version": "1.3.5"
    },
    "doctrine/doctrine-fixtures-bundle": {
        "version": "3.0",
        "recipe": {
            "repo": "github.com/symfony/recipes",
            "branch": "master",
            "version": "3.0",
            "ref": "fc52d86631a6dfd9fdf3381d0b7e3df2069e51b3"
        }
    },
    "doctrine/event-manager": {
        "version": "v1.0.0"
    },
    "doctrine/inflector": {
        "version": "v1.3.0"
    },
    "doctrine/instantiator": {
        "version": "1.1.0"
    },
    "doctrine/lexer": {
        "version": "v1.0.1"
    },
    "doctrine/orm": {
        "version": "v2.6.2"
    },
    "doctrine/persistence": {
        "version": "v1.0.1"
    },
    "doctrine/reflection": {
        "version": "v1.0.0"
    },
    "fig/link-util": {
        "version": "1.0.0"
    },
    "fzaninotto/faker": {
        "version": "v1.8.0"
    },
    "incenteev/composer-parameter-handler": {
        "version": "v2.1.3"
    },
    "jdorn/sql-formatter": {
        "version": "v1.2.17"
    },
    "monolog/monolog": {
        "version": "1.24.0"
    },
    "paragonie/random_compat": {
        "version": "v9.99.99"
    },
    "psr/cache": {
        "version": "1.0.1"
    },
    "psr/container": {
        "version": "1.0.0"
    },
    "psr/link": {
        "version": "1.0.0"
    },
    "psr/log": {
        "version": "1.0.2"
    },
    "psr/simple-cache": {
        "version": "1.0.1"
    },
    "sensio/distribution-bundle": {
        "version": "v5.0.23"
    },
    "sensio/framework-extra-bundle": {
        "version": "v3.0.29"
    },
    "sensio/generator-bundle": {
        "version": "v3.1.7"
    },
    "sensiolabs/security-checker": {
        "version": "4.0",
        "recipe": {
            "repo": "github.com/symfony/recipes",
            "branch": "master",
            "version": "4.0",
            "ref": "421933bf8f0e75546ac8e00cb3eb12904fa2ac1a"
        }
    },
    "swiftmailer/swiftmailer": {
        "version": "v5.4.12"
    },
    "symfony/flex": {
        "version": "1.0",
        "recipe": {
            "repo": "github.com/symfony/recipes",
            "branch": "master",
            "version": "1.0",
            "ref": "5f8a51c0fad684396f6b6c0fd770e043439cb632"
        }
    },
    "symfony/monolog-bundle": {
        "version": "v2.12.1"
    },
    "symfony/phpunit-bridge": {
        "version": "4.1",
        "recipe": {
            "repo": "github.com/symfony/recipes",
            "branch": "master",
            "version": "4.1",
            "ref": "b4c7d939cac9a67e02366fa7971746e9cbf1dad0"
        }
    },
    "symfony/polyfill-apcu": {
        "version": "v1.10.0"
    },
    "symfony/polyfill-ctype": {
        "version": "v1.10.0"
    },
    "symfony/polyfill-intl-icu": {
        "version": "v1.10.0"
    },
    "symfony/polyfill-mbstring": {
        "version": "v1.10.0"
    },
    "symfony/polyfill-php56": {
        "version": "v1.10.0"
    },
    "symfony/polyfill-php70": {
        "version": "v1.10.0"
    },
    "symfony/polyfill-util": {
        "version": "v1.10.0"
    },
    "symfony/security-bundle": {
        "version": "3.3",
        "recipe": {
            "repo": "github.com/symfony/recipes",
            "branch": "master",
            "version": "3.3",
            "ref": "f8a63faa0d9521526499c0a8f403c9964ecb0527"
        }
    },
    "symfony/swiftmailer-bundle": {
        "version": "2.5",
        "recipe": {
            "repo": "github.com/symfony/recipes",
            "branch": "master",
            "version": "2.5",
            "ref": "3db029c03e452b4a23f7fc45cec7c922c2247eb8"
        }
    },
    "symfony/symfony": {
        "version": "3.3",
        "recipe": {
            "repo": "github.com/symfony/recipes",
            "branch": "master",
            "version": "3.3",
            "ref": "d9ffde95d60fa64c4e39752016ee534460b7c691"
        }
    },
    "twig/extensions": {
        "version": "1.0",
        "recipe": {
            "repo": "github.com/symfony/recipes",
            "branch": "master",
            "version": "1.0",
            "ref": "ddb2e0a77773b7fd75d8d649545f174e664500ab"
        }
    },
    "twig/twig": {
        "version": "v2.5.0"
    }
}
